{
  "name": "node-blogger",
  "version": "0.1.4",
  "dependencies": {
    "connect": {
      "version": "2.7.11",
      "from": "connect@~2.7.8",
      "resolved": "https://registry.npmjs.org/connect/-/connect-2.7.11.tgz",
      "dependencies": {
        "qs": {
          "version": "0.6.5",
          "from": "qs@0.6.5"
        },
        "formidable": {
          "version": "1.0.14",
          "from": "formidable@1.0.14",
          "resolved": "https://registry.npmjs.org/formidable/-/formidable-1.0.14.tgz"
        },
        "cookie-signature": {
          "version": "1.0.1",
          "from": "cookie-signature@1.0.1"
        },
        "buffer-crc32": {
          "version": "0.2.1",
          "from": "buffer-crc32@0.2.1"
        },
        "cookie": {
          "version": "0.0.5",
          "from": "cookie@0.0.5",
          "resolved": "https://registry.npmjs.org/cookie/-/cookie-0.0.5.tgz"
        },
        "send": {
          "version": "0.1.1",
          "from": "send@0.1.1",
          "resolved": "https://registry.npmjs.org/send/-/send-0.1.1.tgz",
          "dependencies": {
            "mime": {
              "version": "1.2.11",
              "from": "mime@~1.2.9"
            },
            "range-parser": {
              "version": "0.0.4",
              "from": "range-parser@0.0.4"
            }
          }
        },
        "bytes": {
          "version": "0.2.0",
          "from": "bytes@0.2.0"
        },
        "fresh": {
          "version": "0.1.0",
          "from": "fresh@0.1.0",
          "resolved": "https://registry.npmjs.org/fresh/-/fresh-0.1.0.tgz"
        },
        "pause": {
          "version": "0.0.1",
          "from": "pause@0.0.1"
        },
        "debug": {
          "version": "0.7.2",
          "from": "debug@*"
        }
      }
    },
    "ejs": {
      "version": "0.8.4",
      "from": "ejs@~0.8.3"
    },
    "markdown": {
      "version": "0.4.0",
      "from": "markdown@~0.4.0",
      "resolved": "https://registry.npmjs.org/markdown/-/markdown-0.4.0.tgz",
      "dependencies": {
        "nopt": {
          "version": "1.0.10",
          "from": "nopt@1",
          "dependencies": {
            "abbrev": {
              "version": "1.0.4",
              "from": "abbrev@1"
            }
          }
        }
      }
    },
    "rss": {
      "version": "0.0.4",
      "from": "rss@~0.0.4",
      "resolved": "https://registry.npmjs.org/rss/-/rss-0.0.4.tgz"
    },
    "st": {
      "version": "0.3.2",
      "from": "st@~0.3.1",
      "resolved": "https://registry.npmjs.org/st/-/st-0.3.2.tgz",
      "dependencies": {
        "mime": {
          "version": "1.2.11",
          "from": "mime@~1.2.7"
        },
        "negotiator": {
          "version": "0.2.8",
          "from": "negotiator@~0.2.5",
          "resolved": "https://registry.npmjs.org/negotiator/-/negotiator-0.2.8.tgz"
        },
        "async-cache": {
          "version": "0.1.5",
          "from": "async-cache@~0.1.2",
          "resolved": "https://registry.npmjs.org/async-cache/-/async-cache-0.1.5.tgz",
          "dependencies": {
            "lru-cache": {
              "version": "2.3.1",
              "from": "lru-cache@~2.3",
              "resolved": "https://registry.npmjs.org/lru-cache/-/lru-cache-2.3.1.tgz"
            }
          }
        },
        "fd": {
          "version": "0.0.2",
          "from": "fd@~0.0.2",
          "resolved": "https://registry.npmjs.org/fd/-/fd-0.0.2.tgz"
        },
        "graceful-fs": {
          "version": "1.2.3",
          "from": "graceful-fs@~1.2"
        }
      }
    },
    "xml": {
      "version": "0.0.8",
      "from": "xml@~0.0.7",
      "resolved": "https://registry.npmjs.org/xml/-/xml-0.0.8.tgz"
    }
  }
}
